
Microsoft Visual Studio Solution File, Format Version 12.00
# Visual Studio Version 17
VisualStudioVersion = 17.3.32901.215
MinimumVisualStudioVersion = 10.0.40219.1
Project("{9A19103F-16F7-4668-BE54-9A1E7A4F7556}") = "Baig_darb_tema4", "Baig_darb_tema4\Baig_darb_tema4.csproj", "{4928C1C5-E4D8-42B1-B62F-AF9E332E2F98}"
EndProject
Project("{FAE04EC0-301F-11D3-BF4B-00C04F79EFBC}") = "Tema4Project.Tests", "Tema4Project.Tests\Tema4Project.Tests.csproj", "{2317439E-A70A-4BBC-829A-D2921BCA96DB}"
EndProject
Global
	GlobalSection(SolutionConfigurationPlatforms) = preSolution
		Debug|Any CPU = Debug|Any CPU
		Release|Any CPU = Release|Any CPU
	EndGlobalSection
	GlobalSection(ProjectConfigurationPlatforms) = postSolution
		{4928C1C5-E4D8-42B1-B62F-AF9E332E2F98}.Debug|Any CPU.ActiveCfg = Debug|Any CPU
		{4928C1C5-E4D8-42B1-B62F-AF9E332E2F98}.Debug|Any CPU.Build.0 = Debug|Any CPU
		{4928C1C5-E4D8-42B1-B62F-AF9E332E2F98}.Release|Any CPU.ActiveCfg = Release|Any CPU
		{4928C1C5-E4D8-42B1-B62F-AF9E332E2F98}.Release|Any CPU.Build.0 = Release|Any CPU
		{2317439E-A70A-4BBC-829A-D2921BCA96DB}.Debug|Any CPU.ActiveCfg = Debug|Any CPU
		{2317439E-A70A-4BBC-829A-D2921BCA96DB}.Debug|Any CPU.Build.0 = Debug|Any CPU
		{2317439E-A70A-4BBC-829A-D2921BCA96DB}.Release|Any CPU.ActiveCfg = Release|Any CPU
		{2317439E-A70A-4BBC-829A-D2921BCA96DB}.Release|Any CPU.Build.0 = Release|Any CPU
	EndGlobalSection
	GlobalSection(SolutionProperties) = preSolution
		HideSolutionNode = FALSE
	EndGlobalSection
	GlobalSection(ExtensibilityGlobals) = postSolution
		SolutionGuid = {0F06C2DF-BA33-4A48-A446-2BA55B7FC55A}
	EndGlobalSection
EndGlobal
